<?xml version="1.0" encoding="utf-8"?>
<Project ToolsVersion="4.0" xmlns="http://schemas.microsoft.com/developer/msbuild/2003">
  <ItemGroup>
    <Filter Include="Source Files">
      <UniqueIdentifier>{4FC737F1-C7A5-4376-A066-2A32D752A2FF}</UniqueIdentifier>
      <Extensions>cpp;c;cc;cxx;def;odl;idl;hpj;bat;asm;asmx</Extensions>
    </Filter>
    <Filter Include="Header Files">
      <UniqueIdentifier>{93995380-89BD-4b04-88EB-625FBE52EBFB}</UniqueIdentifier>
      <Extensions>h;hh;hpp;hxx;hm;inl;inc;xsd</Extensions>
    </Filter>
    <Filter Include="Resource Files">
      <UniqueIdentifier>{67DA6AB6-F800-4c08-8B7A-83BB121AAD01}</UniqueIdentifier>
      <Extensions>rc;ico;cur;bmp;dlg;rc2;rct;bin;rgs;gif;jpg;jpeg;jpe;resx;tiff;tif;png;wav;mfcribbon-ms</Extensions>
    </Filter>
    <Filter Include="Source Files\Background">
      <UniqueIdentifier>{41ec1262-6973-443a-a052-36feef38e0be}</UniqueIdentifier>
    </Filter>
    <Filter Include="Source Files\Foreground">
      <UniqueIdentifier>{50cff2c7-c2ec-4a45-a23e-00e5b74427da}</UniqueIdentifier>
    </Filter>
    <Filter Include="Source Files\Background\GridRecovery">
      <UniqueIdentifier>{51e4ba6c-91a5-4fea-9c5b-198b84ba5d1a}</UniqueIdentifier>
    </Filter>
    <Filter Include="Source Files\Foreground\BodyDetecting">
      <UniqueIdentifier>{8f42c427-3dea-4475-bac1-7e1031e29d9c}</UniqueIdentifier>
    </Filter>
    <Filter Include="Source Files\Foreground\BodyLineFitting">
      <UniqueIdentifier>{7eaeb603-4043-4903-b83f-a9e9e739c4bf}</UniqueIdentifier>
    </Filter>
    <Filter Include="Source Files\Foreground\BodySizeMeasurement">
      <UniqueIdentifier>{532960ec-b46f-4d09-bb16-76f57628344f}</UniqueIdentifier>
    </Filter>
    <Filter Include="Source Files\Foreground\BodyDetecting\GrabCut">
      <UniqueIdentifier>{efe4c79f-25a0-4526-8f75-ea66dd1f346a}</UniqueIdentifier>
    </Filter>
    <Filter Include="Source Files\Foreground\BodyLineFitting\Ransac">
      <UniqueIdentifier>{40088ccc-b1af-4266-a3d1-9a3a05ad5348}</UniqueIdentifier>
    </Filter>
  </ItemGroup>
  <ItemGroup>
    <ClCompile Include="main.cpp">
      <Filter>Source Files</Filter>
    </ClCompile>
    <ClCompile Include="GrabCut.cpp">
      <Filter>Source Files\Foreground\BodyDetecting\GrabCut</Filter>
    </ClCompile>
    <ClCompile Include="BodyDetecting.cpp">
      <Filter>Source Files\Foreground\BodyDetecting</Filter>
    </ClCompile>
    <ClCompile Include="GridRecovery.cpp">
      <Filter>Source Files\Background\GridRecovery</Filter>
    </ClCompile>
    <ClCompile Include="BodyLineFitting.cpp">
      <Filter>Source Files\Foreground\BodyLineFitting</Filter>
    </ClCompile>
    <ClCompile Include="BodySizeMeasurement.cpp">
      <Filter>Source Files\Foreground\BodySizeMeasurement</Filter>
    </ClCompile>
    <ClCompile Include="Ransac.cpp">
      <Filter>Source Files\Foreground\BodyLineFitting\Ransac</Filter>
    </ClCompile>
  </ItemGroup>
  <ItemGroup>
    <ClInclude Include="BodyDetecting.h">
      <Filter>Header Files</Filter>
    </ClInclude>
    <ClInclude Include="BodyLineFitting.h">
      <Filter>Header Files</Filter>
    </ClInclude>
    <ClInclude Include="BodySizeMeasurement.h">
      <Filter>Header Files</Filter>
    </ClInclude>
    <ClInclude Include="GrabCut.h">
      <Filter>Header Files</Filter>
    </ClInclude>
    <ClInclude Include="GridRecovery.h">
      <Filter>Header Files</Filter>
    </ClInclude>
    <ClInclude Include="main.h">
      <Filter>Header Files</Filter>
    </ClInclude>
    <ClInclude Include="Ransac.h">
      <Filter>Header Files</Filter>
    </ClInclude>
    <ClInclude Include="LineData.h">
      <Filter>Header Files</Filter>
    </ClInclude>
  </ItemGroup>
</Project>